
Microsoft Visual Studio Solution File, Format Version 12.00
# Visual Studio Version 17
VisualStudioVersion = 17.9.34728.123
MinimumVisualStudioVersion = 10.0.40219.1
Project("{FAE04EC0-301F-11D3-BF4B-00C04F79EFBC}") = "ToDoList_FRANCISCO", "ToDoList_FRANCISCO\ToDoList_FRANCISCO.csproj", "{0B975545-7C7A-442F-9DC7-10E9EAFC421D}"
EndProject
Global
	GlobalSection(SolutionConfigurationPlatforms) = preSolution
		Debug|Any CPU = Debug|Any CPU
		Release|Any CPU = Release|Any CPU
	EndGlobalSection
	GlobalSection(ProjectConfigurationPlatforms) = postSolution
		{0B975545-7C7A-442F-9DC7-10E9EAFC421D}.Debug|Any CPU.ActiveCfg = Debug|Any CPU
		{0B975545-7C7A-442F-9DC7-10E9EAFC421D}.Debug|Any CPU.Build.0 = Debug|Any CPU
		{0B975545-7C7A-442F-9DC7-10E9EAFC421D}.Release|Any CPU.ActiveCfg = Release|Any CPU
		{0B975545-7C7A-442F-9DC7-10E9EAFC421D}.Release|Any CPU.Build.0 = Release|Any CPU
	EndGlobalSection
	GlobalSection(SolutionProperties) = preSolution
		HideSolutionNode = FALSE
	EndGlobalSection
	GlobalSection(ExtensibilityGlobals) = postSolution
		SolutionGuid = {4FB46076-4E08-4CCA-9855-2A5DC8A90EA2}
	EndGlobalSection
EndGlobal
